
Microsoft Visual Studio Solution File, Format Version 12.00
# Visual Studio Version 17
VisualStudioVersion = 17.0.32112.339
MinimumVisualStudioVersion = 10.0.40219.1
Project("{FAE04EC0-301F-11D3-BF4B-00C04F79EFBC}") = "Exercise04", "Exercise04\Exercise04.csproj", "{11DD17D9-9C18-4540-B838-8C0FE157CED6}"
EndProject
Global
	GlobalSection(SolutionConfigurationPlatforms) = preSolution
		Debug|Any CPU = Debug|Any CPU
		Release|Any CPU = Release|Any CPU
	EndGlobalSection
	GlobalSection(ProjectConfigurationPlatforms) = postSolution
		{11DD17D9-9C18-4540-B838-8C0FE157CED6}.Debug|Any CPU.ActiveCfg = Debug|Any CPU
		{11DD17D9-9C18-4540-B838-8C0FE157CED6}.Debug|Any CPU.Build.0 = Debug|Any CPU
		{11DD17D9-9C18-4540-B838-8C0FE157CED6}.Release|Any CPU.ActiveCfg = Release|Any CPU
		{11DD17D9-9C18-4540-B838-8C0FE157CED6}.Release|Any CPU.Build.0 = Release|Any CPU
	EndGlobalSection
	GlobalSection(SolutionProperties) = preSolution
		HideSolutionNode = FALSE
	EndGlobalSection
	GlobalSection(ExtensibilityGlobals) = postSolution
		SolutionGuid = {3054880A-16AD-4B72-8BC5-FFAAEA83B34F}
	EndGlobalSection
EndGlobal
