
Microsoft Visual Studio Solution File, Format Version 12.00
# Visual Studio Version 17
VisualStudioVersion = 17.0.32112.339
MinimumVisualStudioVersion = 10.0.40219.1
Project("{FAE04EC0-301F-11D3-BF4B-00C04F79EFBC}") = "Exercise01", "Exercise01\Exercise01.csproj", "{520BF3D4-BDE5-4A60-80CF-AF12B6F7C351}"
EndProject
Global
	GlobalSection(SolutionConfigurationPlatforms) = preSolution
		Debug|Any CPU = Debug|Any CPU
		Release|Any CPU = Release|Any CPU
	EndGlobalSection
	GlobalSection(ProjectConfigurationPlatforms) = postSolution
		{520BF3D4-BDE5-4A60-80CF-AF12B6F7C351}.Debug|Any CPU.ActiveCfg = Debug|Any CPU
		{520BF3D4-BDE5-4A60-80CF-AF12B6F7C351}.Debug|Any CPU.Build.0 = Debug|Any CPU
		{520BF3D4-BDE5-4A60-80CF-AF12B6F7C351}.Release|Any CPU.ActiveCfg = Release|Any CPU
		{520BF3D4-BDE5-4A60-80CF-AF12B6F7C351}.Release|Any CPU.Build.0 = Release|Any CPU
	EndGlobalSection
	GlobalSection(SolutionProperties) = preSolution
		HideSolutionNode = FALSE
	EndGlobalSection
	GlobalSection(ExtensibilityGlobals) = postSolution
		SolutionGuid = {332A28D7-AD5D-427D-B4C4-8EFB7342B19A}
	EndGlobalSection
EndGlobal
