
Microsoft Visual Studio Solution File, Format Version 12.00
# Visual Studio Version 17
VisualStudioVersion = 17.0.32112.339
MinimumVisualStudioVersion = 10.0.40219.1
Project("{FAE04EC0-301F-11D3-BF4B-00C04F79EFBC}") = "Exercise01", "Exercise01\Exercise01.csproj", "{B1BD1F00-6125-45DD-8472-847BAB63F659}"
EndProject
Global
	GlobalSection(SolutionConfigurationPlatforms) = preSolution
		Debug|Any CPU = Debug|Any CPU
		Release|Any CPU = Release|Any CPU
	EndGlobalSection
	GlobalSection(ProjectConfigurationPlatforms) = postSolution
		{B1BD1F00-6125-45DD-8472-847BAB63F659}.Debug|Any CPU.ActiveCfg = Debug|Any CPU
		{B1BD1F00-6125-45DD-8472-847BAB63F659}.Debug|Any CPU.Build.0 = Debug|Any CPU
		{B1BD1F00-6125-45DD-8472-847BAB63F659}.Release|Any CPU.ActiveCfg = Release|Any CPU
		{B1BD1F00-6125-45DD-8472-847BAB63F659}.Release|Any CPU.Build.0 = Release|Any CPU
	EndGlobalSection
	GlobalSection(SolutionProperties) = preSolution
		HideSolutionNode = FALSE
	EndGlobalSection
	GlobalSection(ExtensibilityGlobals) = postSolution
		SolutionGuid = {ACE6AE09-B16E-44CF-9093-873BB23EF809}
	EndGlobalSection
EndGlobal
