
Microsoft Visual Studio Solution File, Format Version 12.00
# Visual Studio Version 17
VisualStudioVersion = 17.0.32112.339
MinimumVisualStudioVersion = 10.0.40219.1
Project("{FAE04EC0-301F-11D3-BF4B-00C04F79EFBC}") = "csharp-types", "cshap-types\csharp-types.csproj", "{65EF2E40-0813-487F-BE29-7387C1C44DAB}"
EndProject
Global
	GlobalSection(SolutionConfigurationPlatforms) = preSolution
		Debug|Any CPU = Debug|Any CPU
		Release|Any CPU = Release|Any CPU
	EndGlobalSection
	GlobalSection(ProjectConfigurationPlatforms) = postSolution
		{65EF2E40-0813-487F-BE29-7387C1C44DAB}.Debug|Any CPU.ActiveCfg = Debug|Any CPU
		{65EF2E40-0813-487F-BE29-7387C1C44DAB}.Debug|Any CPU.Build.0 = Debug|Any CPU
		{65EF2E40-0813-487F-BE29-7387C1C44DAB}.Release|Any CPU.ActiveCfg = Release|Any CPU
		{65EF2E40-0813-487F-BE29-7387C1C44DAB}.Release|Any CPU.Build.0 = Release|Any CPU
	EndGlobalSection
	GlobalSection(SolutionProperties) = preSolution
		HideSolutionNode = FALSE
	EndGlobalSection
	GlobalSection(ExtensibilityGlobals) = postSolution
		SolutionGuid = {25B67765-D9FD-45FE-8526-CF5C9A76BC4C}
	EndGlobalSection
EndGlobal
