
Microsoft Visual Studio Solution File, Format Version 12.00
# Visual Studio Version 17
VisualStudioVersion = 17.0.32112.339
MinimumVisualStudioVersion = 10.0.40219.1
Project("{FAE04EC0-301F-11D3-BF4B-00C04F79EFBC}") = "Exercise02", "Exercise02\Exercise02.csproj", "{FC1A8883-F3FA-4CC5-B525-F9D34F871533}"
EndProject
Global
	GlobalSection(SolutionConfigurationPlatforms) = preSolution
		Debug|Any CPU = Debug|Any CPU
		Release|Any CPU = Release|Any CPU
	EndGlobalSection
	GlobalSection(ProjectConfigurationPlatforms) = postSolution
		{FC1A8883-F3FA-4CC5-B525-F9D34F871533}.Debug|Any CPU.ActiveCfg = Debug|Any CPU
		{FC1A8883-F3FA-4CC5-B525-F9D34F871533}.Debug|Any CPU.Build.0 = Debug|Any CPU
		{FC1A8883-F3FA-4CC5-B525-F9D34F871533}.Release|Any CPU.ActiveCfg = Release|Any CPU
		{FC1A8883-F3FA-4CC5-B525-F9D34F871533}.Release|Any CPU.Build.0 = Release|Any CPU
	EndGlobalSection
	GlobalSection(SolutionProperties) = preSolution
		HideSolutionNode = FALSE
	EndGlobalSection
	GlobalSection(ExtensibilityGlobals) = postSolution
		SolutionGuid = {98AA658D-2E6C-4975-8ACA-D22CD5EA83F4}
	EndGlobalSection
EndGlobal
