
Microsoft Visual Studio Solution File, Format Version 12.00
# Visual Studio Version 17
VisualStudioVersion = 17.0.32112.339
MinimumVisualStudioVersion = 10.0.40219.1
Project("{FAE04EC0-301F-11D3-BF4B-00C04F79EFBC}") = "Exercise02", "Exercise02\Exercise02.csproj", "{682C44CA-9625-40A5-8863-F60308D47991}"
EndProject
Global
	GlobalSection(SolutionConfigurationPlatforms) = preSolution
		Debug|Any CPU = Debug|Any CPU
		Release|Any CPU = Release|Any CPU
	EndGlobalSection
	GlobalSection(ProjectConfigurationPlatforms) = postSolution
		{682C44CA-9625-40A5-8863-F60308D47991}.Debug|Any CPU.ActiveCfg = Debug|Any CPU
		{682C44CA-9625-40A5-8863-F60308D47991}.Debug|Any CPU.Build.0 = Debug|Any CPU
		{682C44CA-9625-40A5-8863-F60308D47991}.Release|Any CPU.ActiveCfg = Release|Any CPU
		{682C44CA-9625-40A5-8863-F60308D47991}.Release|Any CPU.Build.0 = Release|Any CPU
	EndGlobalSection
	GlobalSection(SolutionProperties) = preSolution
		HideSolutionNode = FALSE
	EndGlobalSection
	GlobalSection(ExtensibilityGlobals) = postSolution
		SolutionGuid = {EBA4FBB8-5084-44D9-9232-8B62B2C8C54A}
	EndGlobalSection
EndGlobal
