
Microsoft Visual Studio Solution File, Format Version 12.00
# Visual Studio Version 17
VisualStudioVersion = 17.0.32112.339
MinimumVisualStudioVersion = 10.0.40219.1
Project("{FAE04EC0-301F-11D3-BF4B-00C04F79EFBC}") = "Exercise06", "Exercise06\Exercise06.csproj", "{2892C7BA-0775-4793-86A8-7D17DBD11B96}"
EndProject
Global
	GlobalSection(SolutionConfigurationPlatforms) = preSolution
		Debug|Any CPU = Debug|Any CPU
		Release|Any CPU = Release|Any CPU
	EndGlobalSection
	GlobalSection(ProjectConfigurationPlatforms) = postSolution
		{2892C7BA-0775-4793-86A8-7D17DBD11B96}.Debug|Any CPU.ActiveCfg = Debug|Any CPU
		{2892C7BA-0775-4793-86A8-7D17DBD11B96}.Debug|Any CPU.Build.0 = Debug|Any CPU
		{2892C7BA-0775-4793-86A8-7D17DBD11B96}.Release|Any CPU.ActiveCfg = Release|Any CPU
		{2892C7BA-0775-4793-86A8-7D17DBD11B96}.Release|Any CPU.Build.0 = Release|Any CPU
	EndGlobalSection
	GlobalSection(SolutionProperties) = preSolution
		HideSolutionNode = FALSE
	EndGlobalSection
	GlobalSection(ExtensibilityGlobals) = postSolution
		SolutionGuid = {60F85EE8-1A8D-4C2F-B280-89E1D271EAFE}
	EndGlobalSection
EndGlobal
